
Microsoft Visual Studio Solution File, Format Version 12.00
# Visual Studio Version 17
VisualStudioVersion = 17.4.33205.214
MinimumVisualStudioVersion = 10.0.40219.1
Project("{9A19103F-16F7-4668-BE54-9A1E7A4F7556}") = "DepthONNX", "DepthONNX\DepthONNX.csproj", "{071F57FC-D986-4567-B4BE-662BE93AE3F2}"
EndProject
Global
	GlobalSection(SolutionConfigurationPlatforms) = preSolution
		Debug|Any CPU = Debug|Any CPU
		Release|Any CPU = Release|Any CPU
	EndGlobalSection
	GlobalSection(ProjectConfigurationPlatforms) = postSolution
		{071F57FC-D986-4567-B4BE-662BE93AE3F2}.Debug|Any CPU.ActiveCfg = Debug|Any CPU
		{071F57FC-D986-4567-B4BE-662BE93AE3F2}.Debug|Any CPU.Build.0 = Debug|Any CPU
		{071F57FC-D986-4567-B4BE-662BE93AE3F2}.Release|Any CPU.ActiveCfg = Release|Any CPU
		{071F57FC-D986-4567-B4BE-662BE93AE3F2}.Release|Any CPU.Build.0 = Release|Any CPU
	EndGlobalSection
	GlobalSection(SolutionProperties) = preSolution
		HideSolutionNode = FALSE
	EndGlobalSection
	GlobalSection(ExtensibilityGlobals) = postSolution
		SolutionGuid = {3E6F6061-1D82-40F8-BE68-383F255ACC8C}
	EndGlobalSection
EndGlobal
