
Microsoft Visual Studio Solution File, Format Version 12.00
# Visual Studio Version 17
VisualStudioVersion = 17.4.33205.214
MinimumVisualStudioVersion = 10.0.40219.1
Project("{2150E333-8FDC-42A3-9474-1A3956D46DE8}") = "Examples", "Examples", "{78C89484-425E-4487-916C-6600BCA7DB8A}"
EndProject
Project("{9A19103F-16F7-4668-BE54-9A1E7A4F7556}") = "DepthONNX", "..\DepthONNX\DepthONNX.csproj", "{F8DB7D70-A6D2-4D78-A4EB-7346588B64CD}"
EndProject
Project("{9A19103F-16F7-4668-BE54-9A1E7A4F7556}") = "DepthEstimation", "DepthEstimation\DepthEstimation.csproj", "{9CD316D8-1A96-4A66-8F46-EF927ECA9F4D}"
EndProject
Global
	GlobalSection(SolutionConfigurationPlatforms) = preSolution
		Debug|Any CPU = Debug|Any CPU
		Release|Any CPU = Release|Any CPU
	EndGlobalSection
	GlobalSection(ProjectConfigurationPlatforms) = postSolution
		{F8DB7D70-A6D2-4D78-A4EB-7346588B64CD}.Debug|Any CPU.ActiveCfg = Debug|Any CPU
		{F8DB7D70-A6D2-4D78-A4EB-7346588B64CD}.Debug|Any CPU.Build.0 = Debug|Any CPU
		{F8DB7D70-A6D2-4D78-A4EB-7346588B64CD}.Release|Any CPU.ActiveCfg = Release|Any CPU
		{F8DB7D70-A6D2-4D78-A4EB-7346588B64CD}.Release|Any CPU.Build.0 = Release|Any CPU
		{9CD316D8-1A96-4A66-8F46-EF927ECA9F4D}.Debug|Any CPU.ActiveCfg = Debug|Any CPU
		{9CD316D8-1A96-4A66-8F46-EF927ECA9F4D}.Debug|Any CPU.Build.0 = Debug|Any CPU
		{9CD316D8-1A96-4A66-8F46-EF927ECA9F4D}.Release|Any CPU.ActiveCfg = Release|Any CPU
		{9CD316D8-1A96-4A66-8F46-EF927ECA9F4D}.Release|Any CPU.Build.0 = Release|Any CPU
	EndGlobalSection
	GlobalSection(SolutionProperties) = preSolution
		HideSolutionNode = FALSE
	EndGlobalSection
	GlobalSection(NestedProjects) = preSolution
		{9CD316D8-1A96-4A66-8F46-EF927ECA9F4D} = {78C89484-425E-4487-916C-6600BCA7DB8A}
	EndGlobalSection
	GlobalSection(ExtensibilityGlobals) = postSolution
		SolutionGuid = {049EC67F-030B-4133-A200-36D943F0FAC6}
	EndGlobalSection
EndGlobal
